
Microsoft Visual Studio Solution File, Format Version 12.00
# Visual Studio 2012
Project("{FAE04EC0-301F-11D3-BF4B-00C04F79EFBC}") = "GeoCode", "GeoCode\GeoCode.csproj", "{969DBE7E-53D2-4523-AB58-D5BE4E132EEA}"
EndProject
Global
	GlobalSection(SolutionConfigurationPlatforms) = preSolution
		Debug|Any CPU = Debug|Any CPU
		Release|Any CPU = Release|Any CPU
	EndGlobalSection
	GlobalSection(ProjectConfigurationPlatforms) = postSolution
		{969DBE7E-53D2-4523-AB58-D5BE4E132EEA}.Debug|Any CPU.ActiveCfg = Debug|Any CPU
		{969DBE7E-53D2-4523-AB58-D5BE4E132EEA}.Debug|Any CPU.Build.0 = Debug|Any CPU
		{969DBE7E-53D2-4523-AB58-D5BE4E132EEA}.Release|Any CPU.ActiveCfg = Release|Any CPU
		{969DBE7E-53D2-4523-AB58-D5BE4E132EEA}.Release|Any CPU.Build.0 = Release|Any CPU
	EndGlobalSection
	GlobalSection(SolutionProperties) = preSolution
		HideSolutionNode = FALSE
	EndGlobalSection
EndGlobal
